
Microsoft Visual Studio Solution File, Format Version 12.00
# Visual Studio 15
VisualStudioVersion = 15.0.28010.2046
MinimumVisualStudioVersion = 10.0.40219.1
Project("{FAE04EC0-301F-11D3-BF4B-00C04F79EFBC}") = "Mahzen", "Mahzen\Mahzen.csproj", "{DB407345-88FC-4BD2-9975-83FC3E65C550}"
EndProject
Project("{FAE04EC0-301F-11D3-BF4B-00C04F79EFBC}") = "Mahzen.Tests", "Mahzen.Tests\Mahzen.Tests.csproj", "{A17C520A-F5E8-462B-B757-D17251DE4020}"
EndProject
Global
	GlobalSection(SolutionConfigurationPlatforms) = preSolution
		Debug|Any CPU = Debug|Any CPU
		Release|Any CPU = Release|Any CPU
	EndGlobalSection
	GlobalSection(ProjectConfigurationPlatforms) = postSolution
		{DB407345-88FC-4BD2-9975-83FC3E65C550}.Debug|Any CPU.ActiveCfg = Debug|Any CPU
		{DB407345-88FC-4BD2-9975-83FC3E65C550}.Debug|Any CPU.Build.0 = Debug|Any CPU
		{DB407345-88FC-4BD2-9975-83FC3E65C550}.Release|Any CPU.ActiveCfg = Release|Any CPU
		{DB407345-88FC-4BD2-9975-83FC3E65C550}.Release|Any CPU.Build.0 = Release|Any CPU
		{A17C520A-F5E8-462B-B757-D17251DE4020}.Debug|Any CPU.ActiveCfg = Debug|Any CPU
		{A17C520A-F5E8-462B-B757-D17251DE4020}.Debug|Any CPU.Build.0 = Debug|Any CPU
		{A17C520A-F5E8-462B-B757-D17251DE4020}.Release|Any CPU.ActiveCfg = Release|Any CPU
		{A17C520A-F5E8-462B-B757-D17251DE4020}.Release|Any CPU.Build.0 = Release|Any CPU
	EndGlobalSection
	GlobalSection(SolutionProperties) = preSolution
		HideSolutionNode = FALSE
	EndGlobalSection
	GlobalSection(ExtensibilityGlobals) = postSolution
		SolutionGuid = {6928BE58-7D47-4F29-89B6-D7504B645477}
	EndGlobalSection
EndGlobal
